
Microsoft Visual Studio Solution File, Format Version 12.00
# Visual Studio Version 17
VisualStudioVersion = 17.3.32819.101
MinimumVisualStudioVersion = 10.0.40219.1
Project("{FAE04EC0-301F-11D3-BF4B-00C04F79EFBC}") = "WindowsFormsApp1", "WindowsFormsApp1\WindowsFormsApp1.csproj", "{7E58C595-4624-421A-A2BF-4DD7892C0148}"
EndProject
Global
	GlobalSection(SolutionConfigurationPlatforms) = preSolution
		Debug|Any CPU = Debug|Any CPU
		Release|Any CPU = Release|Any CPU
	EndGlobalSection
	GlobalSection(ProjectConfigurationPlatforms) = postSolution
		{7E58C595-4624-421A-A2BF-4DD7892C0148}.Debug|Any CPU.ActiveCfg = Debug|Any CPU
		{7E58C595-4624-421A-A2BF-4DD7892C0148}.Debug|Any CPU.Build.0 = Debug|Any CPU
		{7E58C595-4624-421A-A2BF-4DD7892C0148}.Release|Any CPU.ActiveCfg = Release|Any CPU
		{7E58C595-4624-421A-A2BF-4DD7892C0148}.Release|Any CPU.Build.0 = Release|Any CPU
	EndGlobalSection
	GlobalSection(SolutionProperties) = preSolution
		HideSolutionNode = FALSE
	EndGlobalSection
	GlobalSection(ExtensibilityGlobals) = postSolution
		SolutionGuid = {9B55704E-4D21-4467-A1CE-4E04DD993FA6}
	EndGlobalSection
EndGlobal
